
Microsoft Visual Studio Solution File, Format Version 12.00
# Visual Studio Version 17
VisualStudioVersion = 17.12.35527.113 d17.12
MinimumVisualStudioVersion = 10.0.40219.1
Project("{FAE04EC0-301F-11D3-BF4B-00C04F79EFBC}") = "ServiceLog", "ServiceLog\ServiceLog.csproj", "{F67957D8-72CB-4F64-9981-801C975E5AD4}"
EndProject
Project("{FAE04EC0-301F-11D3-BF4B-00C04F79EFBC}") = "ServiceLog.Tests", "ServiceLog.Tests\ServiceLog.Tests.csproj", "{FC80F91C-DD01-4A85-A7C7-2A1984D6F559}"
EndProject
Global
	GlobalSection(SolutionConfigurationPlatforms) = preSolution
		Debug|Any CPU = Debug|Any CPU
		Release|Any CPU = Release|Any CPU
	EndGlobalSection
	GlobalSection(ProjectConfigurationPlatforms) = postSolution
		{F67957D8-72CB-4F64-9981-801C975E5AD4}.Debug|Any CPU.ActiveCfg = Debug|Any CPU
		{F67957D8-72CB-4F64-9981-801C975E5AD4}.Debug|Any CPU.Build.0 = Debug|Any CPU
		{F67957D8-72CB-4F64-9981-801C975E5AD4}.Release|Any CPU.ActiveCfg = Release|Any CPU
		{F67957D8-72CB-4F64-9981-801C975E5AD4}.Release|Any CPU.Build.0 = Release|Any CPU
		{FC80F91C-DD01-4A85-A7C7-2A1984D6F559}.Debug|Any CPU.ActiveCfg = Debug|Any CPU
		{FC80F91C-DD01-4A85-A7C7-2A1984D6F559}.Debug|Any CPU.Build.0 = Debug|Any CPU
		{FC80F91C-DD01-4A85-A7C7-2A1984D6F559}.Release|Any CPU.ActiveCfg = Release|Any CPU
		{FC80F91C-DD01-4A85-A7C7-2A1984D6F559}.Release|Any CPU.Build.0 = Release|Any CPU
	EndGlobalSection
	GlobalSection(SolutionProperties) = preSolution
		HideSolutionNode = FALSE
	EndGlobalSection
EndGlobal
